
Microsoft Visual Studio Solution File, Format Version 12.00
# Visual Studio Version 16
VisualStudioVersion = 16.0.29102.190
MinimumVisualStudioVersion = 10.0.40219.1
Project("{2150E333-8FDC-42A3-9474-1A3956D46DE8}") = "Automation.UI.Core", "Automation.UI.Core", "{A05B2EDC-B0BD-441D-8A7D-386BF5323E29}"
	ProjectSection(SolutionItems) = preProject
		Automation.UI.Foudation\oleksiy.kyrylenko.runsettings = Automation.UI.Foudation\oleksiy.kyrylenko.runsettings
	EndProjectSection
EndProject
Project("{2150E333-8FDC-42A3-9474-1A3956D46DE8}") = "Automation.UI.IHS", "Automation.UI.IHS", "{1B8F507B-4670-4917-A4F8-A4D27AF59A5E}"
EndProject
Project("{2150E333-8FDC-42A3-9474-1A3956D46DE8}") = "Automation.UI", "Automation.UI", "{0B1F2656-303E-415F-85D9-C0E06511CC51}"
EndProject
Project("{9A19103F-16F7-4668-BE54-9A1E7A4F7556}") = "Automation.UI.IHS.Test", "Automation.UI.Trulia.Test\Automation.UI.IHS.Test.csproj", "{24D80A0C-E29E-4E76-88B1-96FE7A700D1B}"
EndProject
Project("{9A19103F-16F7-4668-BE54-9A1E7A4F7556}") = "Automation.UI.IHS.Pages", "Automation.UI.Trulia.Pages\Automation.UI.IHS.Pages.csproj", "{4F9A88A9-A1EF-439B-9941-7A7AE79D1F3A}"
EndProject
Project("{9A19103F-16F7-4668-BE54-9A1E7A4F7556}") = "Automation.UI.Foudation", "Automation.UI.Foudation\Automation.UI.Foudation.csproj", "{F2552D1F-6863-4BA4-BFD9-746C6B9931D5}"
EndProject
Project("{2150E333-8FDC-42A3-9474-1A3956D46DE8}") = "Automation.API", "Automation.API", "{90E1EEB4-7ABC-4A5E-94A8-B6E557755926}"
EndProject
Project("{9A19103F-16F7-4668-BE54-9A1E7A4F7556}") = "Automation.API.Client", "Automation.API.Client\Automation.API.Client.csproj", "{486C917F-47D7-477B-BAD7-967B649B4857}"
EndProject
Project("{9A19103F-16F7-4668-BE54-9A1E7A4F7556}") = "Automation.API.Test", "Automation.API.Test\Automation.API.Test.csproj", "{CD283BD8-B28B-4128-8A16-53A9B64F5FCF}"
EndProject
Project("{FAE04EC0-301F-11D3-BF4B-00C04F79EFBC}") = "Controllers", "Controllers\Controllers.csproj", "{3D538FEB-C7AA-4C3F-86E8-552C74F05D9D}"
EndProject
Project("{FAE04EC0-301F-11D3-BF4B-00C04F79EFBC}") = "Models", "Models\Models.csproj", "{6E8CB339-5F82-40A0-B2EA-4499E81020CA}"
EndProject
Global
	GlobalSection(SolutionConfigurationPlatforms) = preSolution
		Debug|Any CPU = Debug|Any CPU
		Release|Any CPU = Release|Any CPU
	EndGlobalSection
	GlobalSection(ProjectConfigurationPlatforms) = postSolution
		{24D80A0C-E29E-4E76-88B1-96FE7A700D1B}.Debug|Any CPU.ActiveCfg = Debug|Any CPU
		{24D80A0C-E29E-4E76-88B1-96FE7A700D1B}.Debug|Any CPU.Build.0 = Debug|Any CPU
		{24D80A0C-E29E-4E76-88B1-96FE7A700D1B}.Release|Any CPU.ActiveCfg = Release|Any CPU
		{24D80A0C-E29E-4E76-88B1-96FE7A700D1B}.Release|Any CPU.Build.0 = Release|Any CPU
		{4F9A88A9-A1EF-439B-9941-7A7AE79D1F3A}.Debug|Any CPU.ActiveCfg = Debug|Any CPU
		{4F9A88A9-A1EF-439B-9941-7A7AE79D1F3A}.Debug|Any CPU.Build.0 = Debug|Any CPU
		{4F9A88A9-A1EF-439B-9941-7A7AE79D1F3A}.Release|Any CPU.ActiveCfg = Release|Any CPU
		{4F9A88A9-A1EF-439B-9941-7A7AE79D1F3A}.Release|Any CPU.Build.0 = Release|Any CPU
		{F2552D1F-6863-4BA4-BFD9-746C6B9931D5}.Debug|Any CPU.ActiveCfg = Debug|Any CPU
		{F2552D1F-6863-4BA4-BFD9-746C6B9931D5}.Debug|Any CPU.Build.0 = Debug|Any CPU
		{F2552D1F-6863-4BA4-BFD9-746C6B9931D5}.Release|Any CPU.ActiveCfg = Release|Any CPU
		{F2552D1F-6863-4BA4-BFD9-746C6B9931D5}.Release|Any CPU.Build.0 = Release|Any CPU
		{486C917F-47D7-477B-BAD7-967B649B4857}.Debug|Any CPU.ActiveCfg = Debug|Any CPU
		{486C917F-47D7-477B-BAD7-967B649B4857}.Debug|Any CPU.Build.0 = Debug|Any CPU
		{486C917F-47D7-477B-BAD7-967B649B4857}.Release|Any CPU.ActiveCfg = Release|Any CPU
		{486C917F-47D7-477B-BAD7-967B649B4857}.Release|Any CPU.Build.0 = Release|Any CPU
		{CD283BD8-B28B-4128-8A16-53A9B64F5FCF}.Debug|Any CPU.ActiveCfg = Debug|Any CPU
		{CD283BD8-B28B-4128-8A16-53A9B64F5FCF}.Debug|Any CPU.Build.0 = Debug|Any CPU
		{CD283BD8-B28B-4128-8A16-53A9B64F5FCF}.Release|Any CPU.ActiveCfg = Release|Any CPU
		{CD283BD8-B28B-4128-8A16-53A9B64F5FCF}.Release|Any CPU.Build.0 = Release|Any CPU
		{3D538FEB-C7AA-4C3F-86E8-552C74F05D9D}.Debug|Any CPU.ActiveCfg = Debug|Any CPU
		{3D538FEB-C7AA-4C3F-86E8-552C74F05D9D}.Debug|Any CPU.Build.0 = Debug|Any CPU
		{3D538FEB-C7AA-4C3F-86E8-552C74F05D9D}.Release|Any CPU.ActiveCfg = Release|Any CPU
		{3D538FEB-C7AA-4C3F-86E8-552C74F05D9D}.Release|Any CPU.Build.0 = Release|Any CPU
		{6E8CB339-5F82-40A0-B2EA-4499E81020CA}.Debug|Any CPU.ActiveCfg = Debug|Any CPU
		{6E8CB339-5F82-40A0-B2EA-4499E81020CA}.Debug|Any CPU.Build.0 = Debug|Any CPU
		{6E8CB339-5F82-40A0-B2EA-4499E81020CA}.Release|Any CPU.ActiveCfg = Release|Any CPU
		{6E8CB339-5F82-40A0-B2EA-4499E81020CA}.Release|Any CPU.Build.0 = Release|Any CPU
	EndGlobalSection
	GlobalSection(SolutionProperties) = preSolution
		HideSolutionNode = FALSE
	EndGlobalSection
	GlobalSection(NestedProjects) = preSolution
		{A05B2EDC-B0BD-441D-8A7D-386BF5323E29} = {0B1F2656-303E-415F-85D9-C0E06511CC51}
		{1B8F507B-4670-4917-A4F8-A4D27AF59A5E} = {0B1F2656-303E-415F-85D9-C0E06511CC51}
		{24D80A0C-E29E-4E76-88B1-96FE7A700D1B} = {1B8F507B-4670-4917-A4F8-A4D27AF59A5E}
		{4F9A88A9-A1EF-439B-9941-7A7AE79D1F3A} = {1B8F507B-4670-4917-A4F8-A4D27AF59A5E}
		{F2552D1F-6863-4BA4-BFD9-746C6B9931D5} = {A05B2EDC-B0BD-441D-8A7D-386BF5323E29}
		{486C917F-47D7-477B-BAD7-967B649B4857} = {90E1EEB4-7ABC-4A5E-94A8-B6E557755926}
		{CD283BD8-B28B-4128-8A16-53A9B64F5FCF} = {90E1EEB4-7ABC-4A5E-94A8-B6E557755926}
		{3D538FEB-C7AA-4C3F-86E8-552C74F05D9D} = {90E1EEB4-7ABC-4A5E-94A8-B6E557755926}
		{6E8CB339-5F82-40A0-B2EA-4499E81020CA} = {90E1EEB4-7ABC-4A5E-94A8-B6E557755926}
	EndGlobalSection
	GlobalSection(ExtensibilityGlobals) = postSolution
		SolutionGuid = {0CB269F4-B791-4EBC-A12D-2519A2C9CF8A}
	EndGlobalSection
EndGlobal
